// !$*UTF8*$!
{
	archiveVersion = 1;
	classes = {
	};
	objectVersion = 50;
	objects = {

/* Begin PBXBuildFile section */
		281C00C52510EF2800C13B1E /* AppDelegate.swift in Sources */ = {isa = PBXBuildFile; fileRef = 281C00C42510EF2800C13B1E /* AppDelegate.swift */; };
		281C00C72510EF2800C13B1E /* SceneDelegate.swift in Sources */ = {isa = PBXBuildFile; fileRef = 281C00C62510EF2800C13B1E /* SceneDelegate.swift */; };
		281C00CB2510EF2900C13B1E /* Assets.xcassets in Resources */ = {isa = PBXBuildFile; fileRef = 281C00CA2510EF2900C13B1E /* Assets.xcassets */; };
		281C00CE2510EF2900C13B1E /* Preview Assets.xcassets in Resources */ = {isa = PBXBuildFile; fileRef = 281C00CD2510EF2900C13B1E /* Preview Assets.xcassets */; };
		281C00D12510EF2900C13B1E /* LaunchScreen.storyboard in Resources */ = {isa = PBXBuildFile; fileRef = 281C00CF2510EF2900C13B1E /* LaunchScreen.storyboard */; };
		281C00DC2510EF2900C13B1E /* AnimalMathTests.swift in Sources */ = {isa = PBXBuildFile; fileRef = 281C00DB2510EF2900C13B1E /* AnimalMathTests.swift */; };
		281C00E72510EF2900C13B1E /* AnimalMathUITests.swift in Sources */ = {isa = PBXBuildFile; fileRef = 281C00E62510EF2900C13B1E /* AnimalMathUITests.swift */; };
		281F1D5C2518E1000035C825 /* ColorChoiceHstack.swift in Sources */ = {isa = PBXBuildFile; fileRef = 281F1D5B2518E1000035C825 /* ColorChoiceHstack.swift */; };
		281F1D5E2518E1720035C825 /* AnimalChoiceHstack.swift in Sources */ = {isa = PBXBuildFile; fileRef = 281F1D5D2518E1720035C825 /* AnimalChoiceHstack.swift */; };
		283EB6A125160247004AB1F0 /* scratchPaper.rtf in Resources */ = {isa = PBXBuildFile; fileRef = 283EB6A025160247004AB1F0 /* scratchPaper.rtf */; };
		283EB6A325160274004AB1F0 /* FavoriteColor.swift in Sources */ = {isa = PBXBuildFile; fileRef = 283EB6A225160274004AB1F0 /* FavoriteColor.swift */; };
		2851906B25220155000B8562 /* ColorModel.swift in Sources */ = {isa = PBXBuildFile; fileRef = 2851906A25220155000B8562 /* ColorModel.swift */; };
		287C364425161F4900DD49AC /* AnimalChoiceView.swift in Sources */ = {isa = PBXBuildFile; fileRef = 287C364325161F4900DD49AC /* AnimalChoiceView.swift */; };
		287C36462516253900DD49AC /* DisplayItem.swift in Sources */ = {isa = PBXBuildFile; fileRef = 287C36452516253900DD49AC /* DisplayItem.swift */; };
		288257662518EC12001FDA21 /* StartView.swift in Sources */ = {isa = PBXBuildFile; fileRef = 288257652518EC12001FDA21 /* StartView.swift */; };
		288257682518ECC6001FDA21 /* StartGameButton.swift in Sources */ = {isa = PBXBuildFile; fileRef = 288257672518ECC6001FDA21 /* StartGameButton.swift */; };
		28855913251247FB000813CA /* Color+NewColors.swift in Sources */ = {isa = PBXBuildFile; fileRef = 28855912251247FB000813CA /* Color+NewColors.swift */; };
		288559152512544B000813CA /* ColorChoiceView.swift in Sources */ = {isa = PBXBuildFile; fileRef = 288559142512544B000813CA /* ColorChoiceView.swift */; };
		2886367625236EA200D1BAD5 /* AnimalModel.swift in Sources */ = {isa = PBXBuildFile; fileRef = 2886367525236EA200D1BAD5 /* AnimalModel.swift */; };
		288B811C2522FE4900F56BB8 /* CalculationTypes.swift in Sources */ = {isa = PBXBuildFile; fileRef = 288B811B2522FE4900F56BB8 /* CalculationTypes.swift */; };
		28BFC0712524CC8200220BEB /* SubmitButton.swift in Sources */ = {isa = PBXBuildFile; fileRef = 28BFC0702524CC8200220BEB /* SubmitButton.swift */; };
		28D67C8425259AB4007ECFA4 /* ScoreLabelView.swift in Sources */ = {isa = PBXBuildFile; fileRef = 28D67C8325259AB4007ECFA4 /* ScoreLabelView.swift */; };
		28D67C8925259CEF007ECFA4 /* QuestionView.swift in Sources */ = {isa = PBXBuildFile; fileRef = 28D67C8825259CEF007ECFA4 /* QuestionView.swift */; };
		28D80B592511D0FA00E96553 /* CalculationTable.swift in Sources */ = {isa = PBXBuildFile; fileRef = 28D80B582511D0FA00E96553 /* CalculationTable.swift */; };
		28D80B5D2511D95000E96553 /* NumberOfQuestionsSet.swift in Sources */ = {isa = PBXBuildFile; fileRef = 28D80B5C2511D95000E96553 /* NumberOfQuestionsSet.swift */; };
		28DA74D62522F6C00009EE97 /* CalculationGame.swift in Sources */ = {isa = PBXBuildFile; fileRef = 28DA74D52522F6C00009EE97 /* CalculationGame.swift */; };
		28DDE69F2524B51B00DE8334 /* ResultPickerView.swift in Sources */ = {isa = PBXBuildFile; fileRef = 28DDE69E2524B51B00DE8334 /* ResultPickerView.swift */; };
		28FE0B6B2519BA6000D78C42 /* StartLabelView.swift in Sources */ = {isa = PBXBuildFile; fileRef = 28FE0B6A2519BA6000D78C42 /* StartLabelView.swift */; };
		28FE0B742519BCB700D78C42 /* QuestionLabelView.swift in Sources */ = {isa = PBXBuildFile; fileRef = 28FE0B732519BCB700D78C42 /* QuestionLabelView.swift */; };
		28FE0B7C2519C1A000D78C42 /* GameView.swift in Sources */ = {isa = PBXBuildFile; fileRef = 28FE0B7B2519C1A000D78C42 /* GameView.swift */; };
/* End PBXBuildFile section */

/* Begin PBXContainerItemProxy section */
		281C00D82510EF2900C13B1E /* PBXContainerItemProxy */ = {
			isa = PBXContainerItemProxy;
			containerPortal = 281C00B92510EF2800C13B1E /* Project object */;
			proxyType = 1;
			remoteGlobalIDString = 281C00C02510EF2800C13B1E;
			remoteInfo = AnimalMath;
		};
		281C00E32510EF2900C13B1E /* PBXContainerItemProxy */ = {
			isa = PBXContainerItemProxy;
			containerPortal = 281C00B92510EF2800C13B1E /* Project object */;
			proxyType = 1;
			remoteGlobalIDString = 281C00C02510EF2800C13B1E;
			remoteInfo = AnimalMath;
		};
/* End PBXContainerItemProxy section */

/* Begin PBXFileReference section */
		281C00C12510EF2800C13B1E /* AnimalMath.app */ = {isa = PBXFileReference; explicitFileType = wrapper.application; includeInIndex = 0; path = AnimalMath.app; sourceTree = BUILT_PRODUCTS_DIR; };
		281C00C42510EF2800C13B1E /* AppDelegate.swift */ = {isa = PBXFileReference; lastKnownFileType = sourcecode.swift; path = AppDelegate.swift; sourceTree = "<group>"; };
		281C00C62510EF2800C13B1E /* SceneDelegate.swift */ = {isa = PBXFileReference; lastKnownFileType = sourcecode.swift; path = SceneDelegate.swift; sourceTree = "<group>"; };
		281C00CA2510EF2900C13B1E /* Assets.xcassets */ = {isa = PBXFileReference; lastKnownFileType = folder.assetcatalog; path = Assets.xcassets; sourceTree = "<group>"; };
		281C00CD2510EF2900C13B1E /* Preview Assets.xcassets */ = {isa = PBXFileReference; lastKnownFileType = folder.assetcatalog; path = "Preview Assets.xcassets"; sourceTree = "<group>"; };
		281C00D02510EF2900C13B1E /* Base */ = {isa = PBXFileReference; lastKnownFileType = file.storyboard; name = Base; path = Base.lproj/LaunchScreen.storyboard; sourceTree = "<group>"; };
		281C00D22510EF2900C13B1E /* Info.plist */ = {isa = PBXFileReference; lastKnownFileType = text.plist.xml; path = Info.plist; sourceTree = "<group>"; };
		281C00D72510EF2900C13B1E /* AnimalMathTests.xctest */ = {isa = PBXFileReference; explicitFileType = wrapper.cfbundle; includeInIndex = 0; path = AnimalMathTests.xctest; sourceTree = BUILT_PRODUCTS_DIR; };
		281C00DB2510EF2900C13B1E /* AnimalMathTests.swift */ = {isa = PBXFileReference; lastKnownFileType = sourcecode.swift; path = AnimalMathTests.swift; sourceTree = "<group>"; };
		281C00DD2510EF2900C13B1E /* Info.plist */ = {isa = PBXFileReference; lastKnownFileType = text.plist.xml; path = Info.plist; sourceTree = "<group>"; };
		281C00E22510EF2900C13B1E /* AnimalMathUITests.xctest */ = {isa = PBXFileReference; explicitFileType = wrapper.cfbundle; includeInIndex = 0; path = AnimalMathUITests.xctest; sourceTree = BUILT_PRODUCTS_DIR; };
		281C00E62510EF2900C13B1E /* AnimalMathUITests.swift */ = {isa = PBXFileReference; lastKnownFileType = sourcecode.swift; path = AnimalMathUITests.swift; sourceTree = "<group>"; };
		281C00E82510EF2900C13B1E /* Info.plist */ = {isa = PBXFileReference; lastKnownFileType = text.plist.xml; path = Info.plist; sourceTree = "<group>"; };
		281F1D5B2518E1000035C825 /* ColorChoiceHstack.swift */ = {isa = PBXFileReference; lastKnownFileType = sourcecode.swift; path = ColorChoiceHstack.swift; sourceTree = "<group>"; };
		281F1D5D2518E1720035C825 /* AnimalChoiceHstack.swift */ = {isa = PBXFileReference; lastKnownFileType = sourcecode.swift; path = AnimalChoiceHstack.swift; sourceTree = "<group>"; };
		283EB6A025160247004AB1F0 /* scratchPaper.rtf */ = {isa = PBXFileReference; lastKnownFileType = text.rtf; path = scratchPaper.rtf; sourceTree = "<group>"; };
		283EB6A225160274004AB1F0 /* FavoriteColor.swift */ = {isa = PBXFileReference; lastKnownFileType = sourcecode.swift; path = FavoriteColor.swift; sourceTree = "<group>"; };
		2851906A25220155000B8562 /* ColorModel.swift */ = {isa = PBXFileReference; lastKnownFileType = sourcecode.swift; path = ColorModel.swift; sourceTree = "<group>"; };
		287C364325161F4900DD49AC /* AnimalChoiceView.swift */ = {isa = PBXFileReference; lastKnownFileType = sourcecode.swift; path = AnimalChoiceView.swift; sourceTree = "<group>"; };
		287C36452516253900DD49AC /* DisplayItem.swift */ = {isa = PBXFileReference; lastKnownFileType = sourcecode.swift; path = DisplayItem.swift; sourceTree = "<group>"; };
		288257652518EC12001FDA21 /* StartView.swift */ = {isa = PBXFileReference; lastKnownFileType = sourcecode.swift; path = StartView.swift; sourceTree = "<group>"; };
		288257672518ECC6001FDA21 /* StartGameButton.swift */ = {isa = PBXFileReference; lastKnownFileType = sourcecode.swift; path = StartGameButton.swift; sourceTree = "<group>"; };
		28855912251247FB000813CA /* Color+NewColors.swift */ = {isa = PBXFileReference; lastKnownFileType = sourcecode.swift; path = "Color+NewColors.swift"; sourceTree = "<group>"; };
		288559142512544B000813CA /* ColorChoiceView.swift */ = {isa = PBXFileReference; lastKnownFileType = sourcecode.swift; path = ColorChoiceView.swift; sourceTree = "<group>"; };
		2886367525236EA200D1BAD5 /* AnimalModel.swift */ = {isa = PBXFileReference; lastKnownFileType = sourcecode.swift; path = AnimalModel.swift; sourceTree = "<group>"; };
		288B811B2522FE4900F56BB8 /* CalculationTypes.swift */ = {isa = PBXFileReference; lastKnownFileType = sourcecode.swift; path = CalculationTypes.swift; sourceTree = "<group>"; };
		28BFC0702524CC8200220BEB /* SubmitButton.swift */ = {isa = PBXFileReference; lastKnownFileType = sourcecode.swift; path = SubmitButton.swift; sourceTree = "<group>"; };
		28D67C8325259AB4007ECFA4 /* ScoreLabelView.swift */ = {isa = PBXFileReference; lastKnownFileType = sourcecode.swift; path = ScoreLabelView.swift; sourceTree = "<group>"; };
		28D67C8825259CEF007ECFA4 /* QuestionView.swift */ = {isa = PBXFileReference; lastKnownFileType = sourcecode.swift; path = QuestionView.swift; sourceTree = "<group>"; };
		28D80B582511D0FA00E96553 /* CalculationTable.swift */ = {isa = PBXFileReference; lastKnownFileType = sourcecode.swift; path = CalculationTable.swift; sourceTree = "<group>"; };
		28D80B5C2511D95000E96553 /* NumberOfQuestionsSet.swift */ = {isa = PBXFileReference; lastKnownFileType = sourcecode.swift; path = NumberOfQuestionsSet.swift; sourceTree = "<group>"; };
		28DA74D52522F6C00009EE97 /* CalculationGame.swift */ = {isa = PBXFileReference; lastKnownFileType = sourcecode.swift; path = CalculationGame.swift; sourceTree = "<group>"; };
		28DDE69E2524B51B00DE8334 /* ResultPickerView.swift */ = {isa = PBXFileReference; lastKnownFileType = sourcecode.swift; path = ResultPickerView.swift; sourceTree = "<group>"; };
		28FE0B6A2519BA6000D78C42 /* StartLabelView.swift */ = {isa = PBXFileReference; lastKnownFileType = sourcecode.swift; path = StartLabelView.swift; sourceTree = "<group>"; };
		28FE0B732519BCB700D78C42 /* QuestionLabelView.swift */ = {isa = PBXFileReference; lastKnownFileType = sourcecode.swift; path = QuestionLabelView.swift; sourceTree = "<group>"; };
		28FE0B7B2519C1A000D78C42 /* GameView.swift */ = {isa = PBXFileReference; lastKnownFileType = sourcecode.swift; path = GameView.swift; sourceTree = "<group>"; };
/* End PBXFileReference section */

/* Begin PBXFrameworksBuildPhase section */
		281C00BE2510EF2800C13B1E /* Frameworks */ = {
			isa = PBXFrameworksBuildPhase;
			buildActionMask = 2147483647;
			files = (
			);
			runOnlyForDeploymentPostprocessing = 0;
		};
		281C00D42510EF2900C13B1E /* Frameworks */ = {
			isa = PBXFrameworksBuildPhase;
			buildActionMask = 2147483647;
			files = (
			);
			runOnlyForDeploymentPostprocessing = 0;
		};
		281C00DF2510EF2900C13B1E /* Frameworks */ = {
			isa = PBXFrameworksBuildPhase;
			buildActionMask = 2147483647;
			files = (
			);
			runOnlyForDeploymentPostprocessing = 0;
		};
/* End PBXFrameworksBuildPhase section */

/* Begin PBXGroup section */
		281C00B82510EF2800C13B1E = {
			isa = PBXGroup;
			children = (
				281C00C32510EF2800C13B1E /* AnimalMath */,
				281C00DA2510EF2900C13B1E /* AnimalMathTests */,
				281C00E52510EF2900C13B1E /* AnimalMathUITests */,
				281C00C22510EF2800C13B1E /* Products */,
			);
			sourceTree = "<group>";
		};
		281C00C22510EF2800C13B1E /* Products */ = {
			isa = PBXGroup;
			children = (
				281C00C12510EF2800C13B1E /* AnimalMath.app */,
				281C00D72510EF2900C13B1E /* AnimalMathTests.xctest */,
				281C00E22510EF2900C13B1E /* AnimalMathUITests.xctest */,
			);
			name = Products;
			sourceTree = "<group>";
		};
		281C00C32510EF2800C13B1E /* AnimalMath */ = {
			isa = PBXGroup;
			children = (
				281C00F42510F09600C13B1E /* Model */,
				281C00F52510F0C300C13B1E /* ViewModel */,
				281C00F62510F0CB00C13B1E /* View */,
				281C00C42510EF2800C13B1E /* AppDelegate.swift */,
				281C00C62510EF2800C13B1E /* SceneDelegate.swift */,
				281C00CA2510EF2900C13B1E /* Assets.xcassets */,
				281C00CF2510EF2900C13B1E /* LaunchScreen.storyboard */,
				281C00D22510EF2900C13B1E /* Info.plist */,
				281C00CC2510EF2900C13B1E /* Preview Content */,
				283EB6A025160247004AB1F0 /* scratchPaper.rtf */,
			);
			path = AnimalMath;
			sourceTree = "<group>";
		};
		281C00CC2510EF2900C13B1E /* Preview Content */ = {
			isa = PBXGroup;
			children = (
				281C00CD2510EF2900C13B1E /* Preview Assets.xcassets */,
			);
			path = "Preview Content";
			sourceTree = "<group>";
		};
		281C00DA2510EF2900C13B1E /* AnimalMathTests */ = {
			isa = PBXGroup;
			children = (
				281C00DB2510EF2900C13B1E /* AnimalMathTests.swift */,
				281C00DD2510EF2900C13B1E /* Info.plist */,
			);
			path = AnimalMathTests;
			sourceTree = "<group>";
		};
		281C00E52510EF2900C13B1E /* AnimalMathUITests */ = {
			isa = PBXGroup;
			children = (
				281C00E62510EF2900C13B1E /* AnimalMathUITests.swift */,
				281C00E82510EF2900C13B1E /* Info.plist */,
			);
			path = AnimalMathUITests;
			sourceTree = "<group>";
		};
		281C00F42510F09600C13B1E /* Model */ = {
			isa = PBXGroup;
			children = (
				2886367525236EA200D1BAD5 /* AnimalModel.swift */,
				2851906A25220155000B8562 /* ColorModel.swift */,
				28D80B582511D0FA00E96553 /* CalculationTable.swift */,
				28D80B5C2511D95000E96553 /* NumberOfQuestionsSet.swift */,
				283EB6A225160274004AB1F0 /* FavoriteColor.swift */,
				287C36452516253900DD49AC /* DisplayItem.swift */,
				288B811B2522FE4900F56BB8 /* CalculationTypes.swift */,
			);
			path = Model;
			sourceTree = "<group>";
		};
		281C00F52510F0C300C13B1E /* ViewModel */ = {
			isa = PBXGroup;
			children = (
				28DA74D52522F6C00009EE97 /* CalculationGame.swift */,
			);
			path = ViewModel;
			sourceTree = "<group>";
		};
		281C00F62510F0CB00C13B1E /* View */ = {
			isa = PBXGroup;
			children = (
				28DDE69D2524B4FE00DE8334 /* GameViewSubViews */,
				28FE0B722519BC8500D78C42 /* StartScreenSubViews */,
				288257652518EC12001FDA21 /* StartView.swift */,
				28FE0B7B2519C1A000D78C42 /* GameView.swift */,
			);
			path = View;
			sourceTree = "<group>";
		};
		28DDE69D2524B4FE00DE8334 /* GameViewSubViews */ = {
			isa = PBXGroup;
			children = (
				28DDE69E2524B51B00DE8334 /* ResultPickerView.swift */,
				28BFC0702524CC8200220BEB /* SubmitButton.swift */,
				28D67C8325259AB4007ECFA4 /* ScoreLabelView.swift */,
				28D67C8825259CEF007ECFA4 /* QuestionView.swift */,
			);
			name = GameViewSubViews;
			sourceTree = "<group>";
		};
		28FE0B722519BC8500D78C42 /* StartScreenSubViews */ = {
			isa = PBXGroup;
			children = (
				28855912251247FB000813CA /* Color+NewColors.swift */,
				288257672518ECC6001FDA21 /* StartGameButton.swift */,
				28FE0B6A2519BA6000D78C42 /* StartLabelView.swift */,
				281F1D5D2518E1720035C825 /* AnimalChoiceHstack.swift */,
				288559142512544B000813CA /* ColorChoiceView.swift */,
				287C364325161F4900DD49AC /* AnimalChoiceView.swift */,
				281F1D5B2518E1000035C825 /* ColorChoiceHstack.swift */,
				28FE0B732519BCB700D78C42 /* QuestionLabelView.swift */,
			);
			path = StartScreenSubViews;
			sourceTree = "<group>";
		};
/* End PBXGroup section */

/* Begin PBXNativeTarget section */
		281C00C02510EF2800C13B1E /* AnimalMath */ = {
			isa = PBXNativeTarget;
			buildConfigurationList = 281C00EB2510EF2900C13B1E /* Build configuration list for PBXNativeTarget "AnimalMath" */;
			buildPhases = (
				281C00BD2510EF2800C13B1E /* Sources */,
				281C00BE2510EF2800C13B1E /* Frameworks */,
				281C00BF2510EF2800C13B1E /* Resources */,
			);
			buildRules = (
			);
			dependencies = (
			);
			name = AnimalMath;
			productName = AnimalMath;
			productReference = 281C00C12510EF2800C13B1E /* AnimalMath.app */;
			productType = "com.apple.product-type.application";
		};
		281C00D62510EF2900C13B1E /* AnimalMathTests */ = {
			isa = PBXNativeTarget;
			buildConfigurationList = 281C00EE2510EF2900C13B1E /* Build configuration list for PBXNativeTarget "AnimalMathTests" */;
			buildPhases = (
				281C00D32510EF2900C13B1E /* Sources */,
				281C00D42510EF2900C13B1E /* Frameworks */,
				281C00D52510EF2900C13B1E /* Resources */,
			);
			buildRules = (
			);
			dependencies = (
				281C00D92510EF2900C13B1E /* PBXTargetDependency */,
			);
			name = AnimalMathTests;
			productName = AnimalMathTests;
			productReference = 281C00D72510EF2900C13B1E /* AnimalMathTests.xctest */;
			productType = "com.apple.product-type.bundle.unit-test";
		};
		281C00E12510EF2900C13B1E /* AnimalMathUITests */ = {
			isa = PBXNativeTarget;
			buildConfigurationList = 281C00F12510EF2900C13B1E /* Build configuration list for PBXNativeTarget "AnimalMathUITests" */;
			buildPhases = (
				281C00DE2510EF2900C13B1E /* Sources */,
				281C00DF2510EF2900C13B1E /* Frameworks */,
				281C00E02510EF2900C13B1E /* Resources */,
			);
			buildRules = (
			);
			dependencies = (
				281C00E42510EF2900C13B1E /* PBXTargetDependency */,
			);
			name = AnimalMathUITests;
			productName = AnimalMathUITests;
			productReference = 281C00E22510EF2900C13B1E /* AnimalMathUITests.xctest */;
			productType = "com.apple.product-type.bundle.ui-testing";
		};
/* End PBXNativeTarget section */

/* Begin PBXProject section */
		281C00B92510EF2800C13B1E /* Project object */ = {
			isa = PBXProject;
			attributes = {
				LastSwiftUpdateCheck = 1170;
				LastUpgradeCheck = 1170;
				ORGANIZATIONNAME = Mata;
				TargetAttributes = {
					281C00C02510EF2800C13B1E = {
						CreatedOnToolsVersion = 11.7;
					};
					281C00D62510EF2900C13B1E = {
						CreatedOnToolsVersion = 11.7;
						TestTargetID = 281C00C02510EF2800C13B1E;
					};
					281C00E12510EF2900C13B1E = {
						CreatedOnToolsVersion = 11.7;
						TestTargetID = 281C00C02510EF2800C13B1E;
					};
				};
			};
			buildConfigurationList = 281C00BC2510EF2800C13B1E /* Build configuration list for PBXProject "AnimalMath" */;
			compatibilityVersion = "Xcode 9.3";
			developmentRegion = en;
			hasScannedForEncodings = 0;
			knownRegions = (
				en,
				Base,
			);
			mainGroup = 281C00B82510EF2800C13B1E;
			productRefGroup = 281C00C22510EF2800C13B1E /* Products */;
			projectDirPath = "";
			projectRoot = "";
			targets = (
				281C00C02510EF2800C13B1E /* AnimalMath */,
				281C00D62510EF2900C13B1E /* AnimalMathTests */,
				281C00E12510EF2900C13B1E /* AnimalMathUITests */,
			);
		};
/* End PBXProject section */

/* Begin PBXResourcesBuildPhase section */
		281C00BF2510EF2800C13B1E /* Resources */ = {
			isa = PBXResourcesBuildPhase;
			buildActionMask = 2147483647;
			files = (
				281C00D12510EF2900C13B1E /* LaunchScreen.storyboard in Resources */,
				281C00CE2510EF2900C13B1E /* Preview Assets.xcassets in Resources */,
				283EB6A125160247004AB1F0 /* scratchPaper.rtf in Resources */,
				281C00CB2510EF2900C13B1E /* Assets.xcassets in Resources */,
			);
			runOnlyForDeploymentPostprocessing = 0;
		};
		281C00D52510EF2900C13B1E /* Resources */ = {
			isa = PBXResourcesBuildPhase;
			buildActionMask = 2147483647;
			files = (
			);
			runOnlyForDeploymentPostprocessing = 0;
		};
		281C00E02510EF2900C13B1E /* Resources */ = {
			isa = PBXResourcesBuildPhase;
			buildActionMask = 2147483647;
			files = (
			);
			runOnlyForDeploymentPostprocessing = 0;
		};
/* End PBXResourcesBuildPhase section */

/* Begin PBXSourcesBuildPhase section */
		281C00BD2510EF2800C13B1E /* Sources */ = {
			isa = PBXSourcesBuildPhase;
			buildActionMask = 2147483647;
			files = (
				2851906B25220155000B8562 /* ColorModel.swift in Sources */,
				28D80B592511D0FA00E96553 /* CalculationTable.swift in Sources */,
				28FE0B742519BCB700D78C42 /* QuestionLabelView.swift in Sources */,
				28BFC0712524CC8200220BEB /* SubmitButton.swift in Sources */,
				288257662518EC12001FDA21 /* StartView.swift in Sources */,
				28D80B5D2511D95000E96553 /* NumberOfQuestionsSet.swift in Sources */,
				2886367625236EA200D1BAD5 /* AnimalModel.swift in Sources */,
				28FE0B7C2519C1A000D78C42 /* GameView.swift in Sources */,
				281F1D5C2518E1000035C825 /* ColorChoiceHstack.swift in Sources */,
				28D67C8425259AB4007ECFA4 /* ScoreLabelView.swift in Sources */,
				288257682518ECC6001FDA21 /* StartGameButton.swift in Sources */,
				281C00C52510EF2800C13B1E /* AppDelegate.swift in Sources */,
				281F1D5E2518E1720035C825 /* AnimalChoiceHstack.swift in Sources */,
				28DDE69F2524B51B00DE8334 /* ResultPickerView.swift in Sources */,
				287C364425161F4900DD49AC /* AnimalChoiceView.swift in Sources */,
				28855913251247FB000813CA /* Color+NewColors.swift in Sources */,
				28D67C8925259CEF007ECFA4 /* QuestionView.swift in Sources */,
				288B811C2522FE4900F56BB8 /* CalculationTypes.swift in Sources */,
				288559152512544B000813CA /* ColorChoiceView.swift in Sources */,
				281C00C72510EF2800C13B1E /* SceneDelegate.swift in Sources */,
				28FE0B6B2519BA6000D78C42 /* StartLabelView.swift in Sources */,
				28DA74D62522F6C00009EE97 /* CalculationGame.swift in Sources */,
				283EB6A325160274004AB1F0 /* FavoriteColor.swift in Sources */,
				287C36462516253900DD49AC /* DisplayItem.swift in Sources */,
			);
			runOnlyForDeploymentPostprocessing = 0;
		};
		281C00D32510EF2900C13B1E /* Sources */ = {
			isa = PBXSourcesBuildPhase;
			buildActionMask = 2147483647;
			files = (
				281C00DC2510EF2900C13B1E /* AnimalMathTests.swift in Sources */,
			);
			runOnlyForDeploymentPostprocessing = 0;
		};
		281C00DE2510EF2900C13B1E /* Sources */ = {
			isa = PBXSourcesBuildPhase;
			buildActionMask = 2147483647;
			files = (
				281C00E72510EF2900C13B1E /* AnimalMathUITests.swift in Sources */,
			);
			runOnlyForDeploymentPostprocessing = 0;
		};
/* End PBXSourcesBuildPhase section */

/* Begin PBXTargetDependency section */
		281C00D92510EF2900C13B1E /* PBXTargetDependency */ = {
			isa = PBXTargetDependency;
			target = 281C00C02510EF2800C13B1E /* AnimalMath */;
			targetProxy = 281C00D82510EF2900C13B1E /* PBXContainerItemProxy */;
		};
		281C00E42510EF2900C13B1E /* PBXTargetDependency */ = {
			isa = PBXTargetDependency;
			target = 281C00C02510EF2800C13B1E /* AnimalMath */;
			targetProxy = 281C00E32510EF2900C13B1E /* PBXContainerItemProxy */;
		};
/* End PBXTargetDependency section */

/* Begin PBXVariantGroup section */
		281C00CF2510EF2900C13B1E /* LaunchScreen.storyboard */ = {
			isa = PBXVariantGroup;
			children = (
				281C00D02510EF2900C13B1E /* Base */,
			);
			name = LaunchScreen.storyboard;
			sourceTree = "<group>";
		};
/* End PBXVariantGroup section */

/* Begin XCBuildConfiguration section */
		281C00E92510EF2900C13B1E /* Debug */ = {
			isa = XCBuildConfiguration;
			buildSettings = {
				ALWAYS_SEARCH_USER_PATHS = NO;
				CLANG_ANALYZER_NONNULL = YES;
				CLANG_ANALYZER_NUMBER_OBJECT_CONVERSION = YES_AGGRESSIVE;
				CLANG_CXX_LANGUAGE_STANDARD = "gnu++14";
				CLANG_CXX_LIBRARY = "libc++";
				CLANG_ENABLE_MODULES = YES;
				CLANG_ENABLE_OBJC_ARC = YES;
				CLANG_ENABLE_OBJC_WEAK = YES;
				CLANG_WARN_BLOCK_CAPTURE_AUTORELEASING = YES;
				CLANG_WARN_BOOL_CONVERSION = YES;
				CLANG_WARN_COMMA = YES;
				CLANG_WARN_CONSTANT_CONVERSION = YES;
				CLANG_WARN_DEPRECATED_OBJC_IMPLEMENTATIONS = YES;
				CLANG_WARN_DIRECT_OBJC_ISA_USAGE = YES_ERROR;
				CLANG_WARN_DOCUMENTATION_COMMENTS = YES;
				CLANG_WARN_EMPTY_BODY = YES;
				CLANG_WARN_ENUM_CONVERSION = YES;
				CLANG_WARN_INFINITE_RECURSION = YES;
				CLANG_WARN_INT_CONVERSION = YES;
				CLANG_WARN_NON_LITERAL_NULL_CONVERSION = YES;
				CLANG_WARN_OBJC_IMPLICIT_RETAIN_SELF = YES;
				CLANG_WARN_OBJC_LITERAL_CONVERSION = YES;
				CLANG_WARN_OBJC_ROOT_CLASS = YES_ERROR;
				CLANG_WARN_RANGE_LOOP_ANALYSIS = YES;
				CLANG_WARN_STRICT_PROTOTYPES = YES;
				CLANG_WARN_SUSPICIOUS_MOVE = YES;
				CLANG_WARN_UNGUARDED_AVAILABILITY = YES_AGGRESSIVE;
				CLANG_WARN_UNREACHABLE_CODE = YES;
				CLANG_WARN__DUPLICATE_METHOD_MATCH = YES;
				COPY_PHASE_STRIP = NO;
				DEBUG_INFORMATION_FORMAT = dwarf;
				ENABLE_STRICT_OBJC_MSGSEND = YES;
				ENABLE_TESTABILITY = YES;
				GCC_C_LANGUAGE_STANDARD = gnu11;
				GCC_DYNAMIC_NO_PIC = NO;
				GCC_NO_COMMON_BLOCKS = YES;
				GCC_OPTIMIZATION_LEVEL = 0;
				GCC_PREPROCESSOR_DEFINITIONS = (
					"DEBUG=1",
					"$(inherited)",
				);
				GCC_WARN_64_TO_32_BIT_CONVERSION = YES;
				GCC_WARN_ABOUT_RETURN_TYPE = YES_ERROR;
				GCC_WARN_UNDECLARED_SELECTOR = YES;
				GCC_WARN_UNINITIALIZED_AUTOS = YES_AGGRESSIVE;
				GCC_WARN_UNUSED_FUNCTION = YES;
				GCC_WARN_UNUSED_VARIABLE = YES;
				IPHONEOS_DEPLOYMENT_TARGET = 14.0;
				MTL_ENABLE_DEBUG_INFO = INCLUDE_SOURCE;
				MTL_FAST_MATH = YES;
				ONLY_ACTIVE_ARCH = YES;
				SDKROOT = iphoneos;
				SWIFT_ACTIVE_COMPILATION_CONDITIONS = DEBUG;
				SWIFT_OPTIMIZATION_LEVEL = "-Onone";
			};
			name = Debug;
		};
		281C00EA2510EF2900C13B1E /* Release */ = {
			isa = XCBuildConfiguration;
			buildSettings = {
				ALWAYS_SEARCH_USER_PATHS = NO;
				CLANG_ANALYZER_NONNULL = YES;
				CLANG_ANALYZER_NUMBER_OBJECT_CONVERSION = YES_AGGRESSIVE;
				CLANG_CXX_LANGUAGE_STANDARD = "gnu++14";
				CLANG_CXX_LIBRARY = "libc++";
				CLANG_ENABLE_MODULES = YES;
				CLANG_ENABLE_OBJC_ARC = YES;
				CLANG_ENABLE_OBJC_WEAK = YES;
				CLANG_WARN_BLOCK_CAPTURE_AUTORELEASING = YES;
				CLANG_WARN_BOOL_CONVERSION = YES;
				CLANG_WARN_COMMA = YES;
				CLANG_WARN_CONSTANT_CONVERSION = YES;
				CLANG_WARN_DEPRECATED_OBJC_IMPLEMENTATIONS = YES;
				CLANG_WARN_DIRECT_OBJC_ISA_USAGE = YES_ERROR;
				CLANG_WARN_DOCUMENTATION_COMMENTS = YES;
				CLANG_WARN_EMPTY_BODY = YES;
				CLANG_WARN_ENUM_CONVERSION = YES;
				CLANG_WARN_INFINITE_RECURSION = YES;
				CLANG_WARN_INT_CONVERSION = YES;
				CLANG_WARN_NON_LITERAL_NULL_CONVERSION = YES;
				CLANG_WARN_OBJC_IMPLICIT_RETAIN_SELF = YES;
				CLANG_WARN_OBJC_LITERAL_CONVERSION = YES;
				CLANG_WARN_OBJC_ROOT_CLASS = YES_ERROR;
				CLANG_WARN_RANGE_LOOP_ANALYSIS = YES;
				CLANG_WARN_STRICT_PROTOTYPES = YES;
				CLANG_WARN_SUSPICIOUS_MOVE = YES;
				CLANG_WARN_UNGUARDED_AVAILABILITY = YES_AGGRESSIVE;
				CLANG_WARN_UNREACHABLE_CODE = YES;
				CLANG_WARN__DUPLICATE_METHOD_MATCH = YES;
				COPY_PHASE_STRIP = NO;
				DEBUG_INFORMATION_FORMAT = "dwarf-with-dsym";
				ENABLE_NS_ASSERTIONS = NO;
				ENABLE_STRICT_OBJC_MSGSEND = YES;
				GCC_C_LANGUAGE_STANDARD = gnu11;
				GCC_NO_COMMON_BLOCKS = YES;
				GCC_WARN_64_TO_32_BIT_CONVERSION = YES;
				GCC_WARN_ABOUT_RETURN_TYPE = YES_ERROR;
				GCC_WARN_UNDECLARED_SELECTOR = YES;
				GCC_WARN_UNINITIALIZED_AUTOS = YES_AGGRESSIVE;
				GCC_WARN_UNUSED_FUNCTION = YES;
				GCC_WARN_UNUSED_VARIABLE = YES;
				IPHONEOS_DEPLOYMENT_TARGET = 14.0;
				MTL_ENABLE_DEBUG_INFO = NO;
				MTL_FAST_MATH = YES;
				SDKROOT = iphoneos;
				SWIFT_COMPILATION_MODE = wholemodule;
				SWIFT_OPTIMIZATION_LEVEL = "-O";
				VALIDATE_PRODUCT = YES;
			};
			name = Release;
		};
		281C00EC2510EF2900C13B1E /* Debug */ = {
			isa = XCBuildConfiguration;
			buildSettings = {
				ASSETCATALOG_COMPILER_APPICON_NAME = AppIcon;
				CODE_SIGN_STYLE = Automatic;
				DEVELOPMENT_ASSET_PATHS = "\"AnimalMath/Preview Content\"";
				DEVELOPMENT_TEAM = R3RPTJX8C6;
				ENABLE_PREVIEWS = YES;
				INFOPLIST_FILE = AnimalMath/Info.plist;
				LD_RUNPATH_SEARCH_PATHS = (
					"$(inherited)",
					"@executable_path/Frameworks",
				);
				PRODUCT_BUNDLE_IDENTIFIER = com.mata.AnimalMath;
				PRODUCT_NAME = "$(TARGET_NAME)";
				SWIFT_VERSION = 5.0;
				TARGETED_DEVICE_FAMILY = "1,2";
			};
			name = Debug;
		};
		281C00ED2510EF2900C13B1E /* Release */ = {
			isa = XCBuildConfiguration;
			buildSettings = {
				ASSETCATALOG_COMPILER_APPICON_NAME = AppIcon;
				CODE_SIGN_STYLE = Automatic;
				DEVELOPMENT_ASSET_PATHS = "\"AnimalMath/Preview Content\"";
				DEVELOPMENT_TEAM = R3RPTJX8C6;
				ENABLE_PREVIEWS = YES;
				INFOPLIST_FILE = AnimalMath/Info.plist;
				LD_RUNPATH_SEARCH_PATHS = (
					"$(inherited)",
					"@executable_path/Frameworks",
				);
				PRODUCT_BUNDLE_IDENTIFIER = com.mata.AnimalMath;
				PRODUCT_NAME = "$(TARGET_NAME)";
				SWIFT_VERSION = 5.0;
				TARGETED_DEVICE_FAMILY = "1,2";
			};
			name = Release;
		};
		281C00EF2510EF2900C13B1E /* Debug */ = {
			isa = XCBuildConfiguration;
			buildSettings = {
				ALWAYS_EMBED_SWIFT_STANDARD_LIBRARIES = YES;
				BUNDLE_LOADER = "$(TEST_HOST)";
				CODE_SIGN_STYLE = Automatic;
				DEVELOPMENT_TEAM = R3RPTJX8C6;
				INFOPLIST_FILE = AnimalMathTests/Info.plist;
				IPHONEOS_DEPLOYMENT_TARGET = 13.7;
				LD_RUNPATH_SEARCH_PATHS = (
					"$(inherited)",
					"@executable_path/Frameworks",
					"@loader_path/Frameworks",
				);
				PRODUCT_BUNDLE_IDENTIFIER = com.mata.AnimalMathTests;
				PRODUCT_NAME = "$(TARGET_NAME)";
				SWIFT_VERSION = 5.0;
				TARGETED_DEVICE_FAMILY = "1,2";
				TEST_HOST = "$(BUILT_PRODUCTS_DIR)/AnimalMath.app/AnimalMath";
			};
			name = Debug;
		};
		281C00F02510EF2900C13B1E /* Release */ = {
			isa = XCBuildConfiguration;
			buildSettings = {
				ALWAYS_EMBED_SWIFT_STANDARD_LIBRARIES = YES;
				BUNDLE_LOADER = "$(TEST_HOST)";
				CODE_SIGN_STYLE = Automatic;
				DEVELOPMENT_TEAM = R3RPTJX8C6;
				INFOPLIST_FILE = AnimalMathTests/Info.plist;
				IPHONEOS_DEPLOYMENT_TARGET = 13.7;
				LD_RUNPATH_SEARCH_PATHS = (
					"$(inherited)",
					"@executable_path/Frameworks",
					"@loader_path/Frameworks",
				);
				PRODUCT_BUNDLE_IDENTIFIER = com.mata.AnimalMathTests;
				PRODUCT_NAME = "$(TARGET_NAME)";
				SWIFT_VERSION = 5.0;
				TARGETED_DEVICE_FAMILY = "1,2";
				TEST_HOST = "$(BUILT_PRODUCTS_DIR)/AnimalMath.app/AnimalMath";
			};
			name = Release;
		};
		281C00F22510EF2900C13B1E /* Debug */ = {
			isa = XCBuildConfiguration;
			buildSettings = {
				ALWAYS_EMBED_SWIFT_STANDARD_LIBRARIES = YES;
				CODE_SIGN_STYLE = Automatic;
				DEVELOPMENT_TEAM = R3RPTJX8C6;
				INFOPLIST_FILE = AnimalMathUITests/Info.plist;
				LD_RUNPATH_SEARCH_PATHS = (
					"$(inherited)",
					"@executable_path/Frameworks",
					"@loader_path/Frameworks",
				);
				PRODUCT_BUNDLE_IDENTIFIER = com.mata.AnimalMathUITests;
				PRODUCT_NAME = "$(TARGET_NAME)";
				SWIFT_VERSION = 5.0;
				TARGETED_DEVICE_FAMILY = "1,2";
				TEST_TARGET_NAME = AnimalMath;
			};
			name = Debug;
		};
		281C00F32510EF2900C13B1E /* Release */ = {
			isa = XCBuildConfiguration;
			buildSettings = {
				ALWAYS_EMBED_SWIFT_STANDARD_LIBRARIES = YES;
				CODE_SIGN_STYLE = Automatic;
				DEVELOPMENT_TEAM = R3RPTJX8C6;
				INFOPLIST_FILE = AnimalMathUITests/Info.plist;
				LD_RUNPATH_SEARCH_PATHS = (
					"$(inherited)",
					"@executable_path/Frameworks",
					"@loader_path/Frameworks",
				);
				PRODUCT_BUNDLE_IDENTIFIER = com.mata.AnimalMathUITests;
				PRODUCT_NAME = "$(TARGET_NAME)";
				SWIFT_VERSION = 5.0;
				TARGETED_DEVICE_FAMILY = "1,2";
				TEST_TARGET_NAME = AnimalMath;
			};
			name = Release;
		};
/* End XCBuildConfiguration section */

/* Begin XCConfigurationList section */
		281C00BC2510EF2800C13B1E /* Build configuration list for PBXProject "AnimalMath" */ = {
			isa = XCConfigurationList;
			buildConfigurations = (
				281C00E92510EF2900C13B1E /* Debug */,
				281C00EA2510EF2900C13B1E /* Release */,
			);
			defaultConfigurationIsVisible = 0;
			defaultConfigurationName = Release;
		};
		281C00EB2510EF2900C13B1E /* Build configuration list for PBXNativeTarget "AnimalMath" */ = {
			isa = XCConfigurationList;
			buildConfigurations = (
				281C00EC2510EF2900C13B1E /* Debug */,
				281C00ED2510EF2900C13B1E /* Release */,
			);
			defaultConfigurationIsVisible = 0;
			defaultConfigurationName = Release;
		};
		281C00EE2510EF2900C13B1E /* Build configuration list for PBXNativeTarget "AnimalMathTests" */ = {
			isa = XCConfigurationList;
			buildConfigurations = (
				281C00EF2510EF2900C13B1E /* Debug */,
				281C00F02510EF2900C13B1E /* Release */,
			);
			defaultConfigurationIsVisible = 0;
			defaultConfigurationName = Release;
		};
		281C00F12510EF2900C13B1E /* Build configuration list for PBXNativeTarget "AnimalMathUITests" */ = {
			isa = XCConfigurationList;
			buildConfigurations = (
				281C00F22510EF2900C13B1E /* Debug */,
				281C00F32510EF2900C13B1E /* Release */,
			);
			defaultConfigurationIsVisible = 0;
			defaultConfigurationName = Release;
		};
/* End XCConfigurationList section */
	};
	rootObject = 281C00B92510EF2800C13B1E /* Project object */;
}
